# THIS IS AN AUTOGENERATED FILE. DO NOT EDIT THIS FILE DIRECTLY.
# yarn lockfile v1


tslint-config-prettier@^1.17.0:
  version "1.17.0"
  resolved "https://registry.yarnpkg.com/tslint-config-prettier/-/tslint-config-prettier-1.17.0.tgz#946ed6117f98f3659a65848279156d87628c33dc"
  integrity sha512-NKWNkThwqE4Snn4Cm6SZB7lV5RMDDFsBwz6fWUkTxOKGjMx8ycOHnjIbhn7dZd5XmssW3CwqUjlANR6EhP9YQw==
